
Microsoft Visual Studio Solution File, Format Version 12.00
# Visual Studio Version 17
VisualStudioVersion = 17.0.31903.59
MinimumVisualStudioVersion = 10.0.40219.1
Project("{2150E333-8FDC-42A3-9474-1A3956D46DE8}") = "src", "src", "{827E0CD3-B72D-47B6-A68D-7590B98EB39B}"
EndProject
Project("{2150E333-8FDC-42A3-9474-1A3956D46DE8}") = "Pedidos", "Pedidos", "{BA483142-E557-D7E5-0E58-DBF23A8FD838}"
EndProject
Project("{FAE04EC0-301F-11D3-BF4B-00C04F79EFBC}") = "Pedidos.Domain", "src\Pedidos\Pedidos.Domain\Pedidos.Domain.csproj", "{05CC7D40-4F5E-4D5D-A9C2-077719DEE8E6}"
EndProject
Project("{FAE04EC0-301F-11D3-BF4B-00C04F79EFBC}") = "Pedidos.Application", "src\Pedidos\Pedidos.Application\Pedidos.Application.csproj", "{15EF4B16-92FF-46F9-9449-1944472CF20A}"
EndProject
Project("{FAE04EC0-301F-11D3-BF4B-00C04F79EFBC}") = "Pedidos.Infrastructure", "src\Pedidos\Pedidos.Infrastructure\Pedidos.Infrastructure.csproj", "{4C36AA20-57E8-4A68-97DA-DD8B935A0306}"
EndProject
Project("{FAE04EC0-301F-11D3-BF4B-00C04F79EFBC}") = "Pedidos.Api", "src\Pedidos\Pedidos.Api\Pedidos.Api.csproj", "{DE226A2A-193B-4E54-86AB-DA8D292F81CE}"
EndProject
Project("{2150E333-8FDC-42A3-9474-1A3956D46DE8}") = "tests", "tests", "{0AB3BF05-4346-4AA6-1389-037BE0695223}"
EndProject
Project("{FAE04EC0-301F-11D3-BF4B-00C04F79EFBC}") = "Pedidos.Tests", "tests\Pedidos.Tests\Pedidos.Tests.csproj", "{BEC9D0F0-C956-483F-AE48-7F633D818CA3}"
EndProject
Global
	GlobalSection(SolutionConfigurationPlatforms) = preSolution
		Debug|Any CPU = Debug|Any CPU
		Debug|x64 = Debug|x64
		Debug|x86 = Debug|x86
		Release|Any CPU = Release|Any CPU
		Release|x64 = Release|x64
		Release|x86 = Release|x86
	EndGlobalSection
	GlobalSection(ProjectConfigurationPlatforms) = postSolution
		{05CC7D40-4F5E-4D5D-A9C2-077719DEE8E6}.Debug|Any CPU.ActiveCfg = Debug|Any CPU
		{05CC7D40-4F5E-4D5D-A9C2-077719DEE8E6}.Debug|Any CPU.Build.0 = Debug|Any CPU
		{05CC7D40-4F5E-4D5D-A9C2-077719DEE8E6}.Debug|x64.ActiveCfg = Debug|Any CPU
		{05CC7D40-4F5E-4D5D-A9C2-077719DEE8E6}.Debug|x64.Build.0 = Debug|Any CPU
		{05CC7D40-4F5E-4D5D-A9C2-077719DEE8E6}.Debug|x86.ActiveCfg = Debug|Any CPU
		{05CC7D40-4F5E-4D5D-A9C2-077719DEE8E6}.Debug|x86.Build.0 = Debug|Any CPU
		{05CC7D40-4F5E-4D5D-A9C2-077719DEE8E6}.Release|Any CPU.ActiveCfg = Release|Any CPU
		{05CC7D40-4F5E-4D5D-A9C2-077719DEE8E6}.Release|Any CPU.Build.0 = Release|Any CPU
		{05CC7D40-4F5E-4D5D-A9C2-077719DEE8E6}.Release|x64.ActiveCfg = Release|Any CPU
		{05CC7D40-4F5E-4D5D-A9C2-077719DEE8E6}.Release|x64.Build.0 = Release|Any CPU
		{05CC7D40-4F5E-4D5D-A9C2-077719DEE8E6}.Release|x86.ActiveCfg = Release|Any CPU
		{05CC7D40-4F5E-4D5D-A9C2-077719DEE8E6}.Release|x86.Build.0 = Release|Any CPU
		{15EF4B16-92FF-46F9-9449-1944472CF20A}.Debug|Any CPU.ActiveCfg = Debug|Any CPU
		{15EF4B16-92FF-46F9-9449-1944472CF20A}.Debug|Any CPU.Build.0 = Debug|Any CPU
		{15EF4B16-92FF-46F9-9449-1944472CF20A}.Debug|x64.ActiveCfg = Debug|Any CPU
		{15EF4B16-92FF-46F9-9449-1944472CF20A}.Debug|x64.Build.0 = Debug|Any CPU
		{15EF4B16-92FF-46F9-9449-1944472CF20A}.Debug|x86.ActiveCfg = Debug|Any CPU
		{15EF4B16-92FF-46F9-9449-1944472CF20A}.Debug|x86.Build.0 = Debug|Any CPU
		{15EF4B16-92FF-46F9-9449-1944472CF20A}.Release|Any CPU.ActiveCfg = Release|Any CPU
		{15EF4B16-92FF-46F9-9449-1944472CF20A}.Release|Any CPU.Build.0 = Release|Any CPU
		{15EF4B16-92FF-46F9-9449-1944472CF20A}.Release|x64.ActiveCfg = Release|Any CPU
		{15EF4B16-92FF-46F9-9449-1944472CF20A}.Release|x64.Build.0 = Release|Any CPU
		{15EF4B16-92FF-46F9-9449-1944472CF20A}.Release|x86.ActiveCfg = Release|Any CPU
		{15EF4B16-92FF-46F9-9449-1944472CF20A}.Release|x86.Build.0 = Release|Any CPU
		{4C36AA20-57E8-4A68-97DA-DD8B935A0306}.Debug|Any CPU.ActiveCfg = Debug|Any CPU
		{4C36AA20-57E8-4A68-97DA-DD8B935A0306}.Debug|Any CPU.Build.0 = Debug|Any CPU
		{4C36AA20-57E8-4A68-97DA-DD8B935A0306}.Debug|x64.ActiveCfg = Debug|Any CPU
		{4C36AA20-57E8-4A68-97DA-DD8B935A0306}.Debug|x64.Build.0 = Debug|Any CPU
		{4C36AA20-57E8-4A68-97DA-DD8B935A0306}.Debug|x86.ActiveCfg = Debug|Any CPU
		{4C36AA20-57E8-4A68-97DA-DD8B935A0306}.Debug|x86.Build.0 = Debug|Any CPU
		{4C36AA20-57E8-4A68-97DA-DD8B935A0306}.Release|Any CPU.ActiveCfg = Release|Any CPU
		{4C36AA20-57E8-4A68-97DA-DD8B935A0306}.Release|Any CPU.Build.0 = Release|Any CPU
		{4C36AA20-57E8-4A68-97DA-DD8B935A0306}.Release|x64.ActiveCfg = Release|Any CPU
		{4C36AA20-57E8-4A68-97DA-DD8B935A0306}.Release|x64.Build.0 = Release|Any CPU
		{4C36AA20-57E8-4A68-97DA-DD8B935A0306}.Release|x86.ActiveCfg = Release|Any CPU
		{4C36AA20-57E8-4A68-97DA-DD8B935A0306}.Release|x86.Build.0 = Release|Any CPU
		{DE226A2A-193B-4E54-86AB-DA8D292F81CE}.Debug|Any CPU.ActiveCfg = Debug|Any CPU
		{DE226A2A-193B-4E54-86AB-DA8D292F81CE}.Debug|Any CPU.Build.0 = Debug|Any CPU
		{DE226A2A-193B-4E54-86AB-DA8D292F81CE}.Debug|x64.ActiveCfg = Debug|Any CPU
		{DE226A2A-193B-4E54-86AB-DA8D292F81CE}.Debug|x64.Build.0 = Debug|Any CPU
		{DE226A2A-193B-4E54-86AB-DA8D292F81CE}.Debug|x86.ActiveCfg = Debug|Any CPU
		{DE226A2A-193B-4E54-86AB-DA8D292F81CE}.Debug|x86.Build.0 = Debug|Any CPU
		{DE226A2A-193B-4E54-86AB-DA8D292F81CE}.Release|Any CPU.ActiveCfg = Release|Any CPU
		{DE226A2A-193B-4E54-86AB-DA8D292F81CE}.Release|Any CPU.Build.0 = Release|Any CPU
		{DE226A2A-193B-4E54-86AB-DA8D292F81CE}.Release|x64.ActiveCfg = Release|Any CPU
		{DE226A2A-193B-4E54-86AB-DA8D292F81CE}.Release|x64.Build.0 = Release|Any CPU
		{DE226A2A-193B-4E54-86AB-DA8D292F81CE}.Release|x86.ActiveCfg = Release|Any CPU
		{DE226A2A-193B-4E54-86AB-DA8D292F81CE}.Release|x86.Build.0 = Release|Any CPU
		{BEC9D0F0-C956-483F-AE48-7F633D818CA3}.Debug|Any CPU.ActiveCfg = Debug|Any CPU
		{BEC9D0F0-C956-483F-AE48-7F633D818CA3}.Debug|Any CPU.Build.0 = Debug|Any CPU
		{BEC9D0F0-C956-483F-AE48-7F633D818CA3}.Debug|x64.ActiveCfg = Debug|Any CPU
		{BEC9D0F0-C956-483F-AE48-7F633D818CA3}.Debug|x64.Build.0 = Debug|Any CPU
		{BEC9D0F0-C956-483F-AE48-7F633D818CA3}.Debug|x86.ActiveCfg = Debug|Any CPU
		{BEC9D0F0-C956-483F-AE48-7F633D818CA3}.Debug|x86.Build.0 = Debug|Any CPU
		{BEC9D0F0-C956-483F-AE48-7F633D818CA3}.Release|Any CPU.ActiveCfg = Release|Any CPU
		{BEC9D0F0-C956-483F-AE48-7F633D818CA3}.Release|Any CPU.Build.0 = Release|Any CPU
		{BEC9D0F0-C956-483F-AE48-7F633D818CA3}.Release|x64.ActiveCfg = Release|Any CPU
		{BEC9D0F0-C956-483F-AE48-7F633D818CA3}.Release|x64.Build.0 = Release|Any CPU
		{BEC9D0F0-C956-483F-AE48-7F633D818CA3}.Release|x86.ActiveCfg = Release|Any CPU
		{BEC9D0F0-C956-483F-AE48-7F633D818CA3}.Release|x86.Build.0 = Release|Any CPU
	EndGlobalSection
	GlobalSection(SolutionProperties) = preSolution
		HideSolutionNode = FALSE
	EndGlobalSection
	GlobalSection(NestedProjects) = preSolution
		{BA483142-E557-D7E5-0E58-DBF23A8FD838} = {827E0CD3-B72D-47B6-A68D-7590B98EB39B}
		{05CC7D40-4F5E-4D5D-A9C2-077719DEE8E6} = {BA483142-E557-D7E5-0E58-DBF23A8FD838}
		{15EF4B16-92FF-46F9-9449-1944472CF20A} = {BA483142-E557-D7E5-0E58-DBF23A8FD838}
		{4C36AA20-57E8-4A68-97DA-DD8B935A0306} = {BA483142-E557-D7E5-0E58-DBF23A8FD838}
		{DE226A2A-193B-4E54-86AB-DA8D292F81CE} = {BA483142-E557-D7E5-0E58-DBF23A8FD838}
		{BEC9D0F0-C956-483F-AE48-7F633D818CA3} = {0AB3BF05-4346-4AA6-1389-037BE0695223}
	EndGlobalSection
EndGlobal
